lockfileVersion: '9.0'

settings:
  autoInstallPeers: true
  excludeLinksFromLockfile: false

importers:

  .:
    devDependencies:
      typescript:
        specifier: ~5.7.2
        version: 5.7.3

  packages/all:
    dependencies:
      '@hyzyn/dsh-env':
        specifier: workspace:*
        version: link:../env
      '@hyzyn/dsh-hello':
        specifier: workspace:*
        version: link:../hello
      '@hyzyn/dsh-mcp':
        specifier: workspace:*
        version: link:../mcp
      '@hyzyn/dsh-profile':
        specifier: workspace:*
        version: link:../profile
      '@hyzyn/dsh-prompt':
        specifier: workspace:*
        version: link:../prompt
    devDependencies:
      '@deepseek-ai/cordis':
        specifier: ^4.0.1
        version: 4.0.1
      typescript:
        specifier: ~5.7.2
        version: 5.7.3

  packages/env:
    dependencies:
      js-yaml:
        specifier: ^4.1.0
        version: 4.3.1
      react:
        specifier: ^18.2.0
        version: 18.3.1
    devDependencies:
      '@deepseek-ai/cordis':
        specifier: ^4.0.1
        version: 4.0.1
      '@types/node':
        specifier: ^22.20.0
        version: 22.20.1
      typescript:
        specifier: ~5.7.2
        version: 5.7.3

  packages/hello:
    dependencies:
      '@hyzyn/dsh-kit':
        specifier: workspace:*
        version: link:../kit
    devDependencies:
      '@deepseek-ai/cordis':
        specifier: ^4.0.1
        version: 4.0.1
      '@types/node':
        specifier: ^22.20.0
        version: 22.20.1
      typescript:
        specifier: ~5.7.2
        version: 5.7.3

  packages/kit:
    devDependencies:
      '@deepseek-ai/cordis':
        specifier: ^4.0.1
        version: 4.0.1
      typescript:
        specifier: ~5.7.2
        version: 5.7.3

  packages/mcp:
    dependencies:
      js-yaml:
        specifier: ^4.1.0
        version: 4.3.1
      react:
        specifier: ^18.2.0
        version: 18.3.1
    devDependencies:
      '@deepseek-ai/cordis':
        specifier: ^4.0.1
        version: 4.0.1
      '@types/node':
        specifier: ^22.20.0
        version: 22.20.1
      typescript:
        specifier: ~5.7.2
        version: 5.7.3

  packages/profile:
    dependencies:
      react:
        specifier: ^18.2.0
        version: 18.3.1
    devDependencies:
      '@deepseek-ai/cordis':
        specifier: ^4.0.1
        version: 4.0.1
      '@types/node':
        specifier: ^22.20.0
        version: 22.20.1
      typescript:
        specifier: ~5.7.2
        version: 5.7.3

  packages/prompt:
    dependencies:
      js-yaml:
        specifier: ^4.1.0
        version: 4.3.1
      react:
        specifier: ^18.2.0
        version: 18.3.1
    devDependencies:
      '@deepseek-ai/cordis':
        specifier: ^4.0.1
        version: 4.0.1
      '@types/node':
        specifier: ^22.20.0
        version: 22.20.1
      typescript:
        specifier: ~5.7.2
        version: 5.7.3

packages:

  '@deepseek-ai/cordis@4.0.1':
    resolution: {integrity: sha512-YBdskTU2Po1kru3GgcUWUbkTsPMA9LkSQDAY8rBkFJeajdgcQad3QPJZE26JyK99Xb6HaASvoXg2DSUTeN/0Nw==}
    hasBin: true
    peerDependencies:
      '@deepseek-ai/cordis-plugin-include': ^1.0.6
      '@deepseek-ai/cordis-plugin-loader': ^1.0.2
    peerDependenciesMeta:
      '@deepseek-ai/cordis-plugin-include':
        optional: true
      '@deepseek-ai/cordis-plugin-loader':
        optional: true

  '@deepseek-ai/cosmokit@1.8.2':
    resolution: {integrity: sha512-muBOKtSrUKU5m/xpq8ZXWL6hQ/jgd4PhU2PqH97bcxIiLEJfNwZOGQEx4t/aS/GgxRAR+ra9pMHPMtTHU4sqqA==}

  '@standard-schema/spec@1.1.0':
    resolution: {integrity: sha512-l2aFy5jALhniG5HgqrD6jXLi/rUWrKvqN/qJx6yoJsgKhblVd+iqqU4RCXavm/jPityDo5TCvKMnpjKnOriy0w==}

  '@types/node@22.20.1':
    resolution: {integrity: sha512-EANqOCF9QFyra+4pfxUcX9STKJpCLjMbObVzljIJomAWSnuSIEAvyzEU53GaajbXJEgdh0iEcPL+DGvpUd4k1Q==}

  argparse@2.0.1:
    resolution: {integrity: sha512-8+9WqebbFzpX9OR+Wa6O29asIogeRMzcGtAINdpMHHyAg10f05aSFVBbcEqGf/PXw1EjAZ+q2/bEBg3DvurK3Q==}

  js-tokens@4.0.0:
    resolution: {integrity: sha512-RdJUflcE3cUzKiMqQgsCu06FPu9UdIJO0beYbPhHN4k6apgJtifcoCtT9bcxOpYBtpD2kCM6Sbzg4CausW/PKQ==}

  js-yaml@4.3.1:
    resolution: {integrity: sha512-CY6crGq313MX8GkwvB7tzgp99vjQxY1++5y10/BKN/GUfHqWaOGQMNZkBvqSzsZKWk/ijwHlWzzkLulsGHhjWQ==}
    hasBin: true

  loose-envify@1.4.0:
    resolution: {integrity: sha512-lyuxPGr/Wfhrlem2CL/UcnUc1zcqKAImBDzukY7Y5F/yQiNdko6+fRLevlw1HgMySw7f611UIY408EtxRSoK3Q==}
    hasBin: true

  react@18.3.1:
    resolution: {integrity: sha512-wS+hAgJShR0KhEvPJArfuPVN1+Hz1t0Y6n5jLrGQbkb4urgPE/0Rve+1kMB1v/oWgHgm4WIcV+i7F2pTVj+2iQ==}
    engines: {node: '>=0.10.0'}

  typescript@5.7.3:
    resolution: {integrity: sha512-84MVSjMEHP+FQRPy3pX9sTVV/INIex71s9TL2Gm5FG/WG1SqXeKyZ0k7/blY/4FdOzI12CBy1vGc4og/eus0fw==}
    engines: {node: '>=14.17'}
    hasBin: true

  undici-types@6.21.0:
    resolution: {integrity: sha512-iwDZqg0QAGrg9Rav5H4n0M64c3mkR59cJ6wQp+7C4nI0gsmExaedaYLNO44eT4AtBBwjbTiGPMlt2Md0T9H9JQ==}

snapshots:

  '@deepseek-ai/cordis@4.0.1':
    dependencies:
      '@deepseek-ai/cosmokit': 1.8.2
      '@standard-schema/spec': 1.1.0

  '@deepseek-ai/cosmokit@1.8.2': {}

  '@standard-schema/spec@1.1.0': {}

  '@types/node@22.20.1':
    dependencies:
      undici-types: 6.21.0

  argparse@2.0.1: {}

  js-tokens@4.0.0: {}

  js-yaml@4.3.1:
    dependencies:
      argparse: 2.0.1

  loose-envify@1.4.0:
    dependencies:
      js-tokens: 4.0.0

  react@18.3.1:
    dependencies:
      loose-envify: 1.4.0

  typescript@5.7.3: {}

  undici-types@6.21.0: {}
